// !$*UTF8*$!
{
	archiveVersion = 1;
	classes = {
	};
	objectVersion = 56;
	objects = {

/* Begin PBXBuildFile section */
		AA0000010000000000000001 /* LoonFileProviderSampleApp.swift in Sources */ = {isa = PBXBuildFile; fileRef = AA1000010000000000000001 /* LoonFileProviderSampleApp.swift */; };
		AA0000020000000000000001 /* ContentView.swift in Sources */ = {isa = PBXBuildFile; fileRef = AA1000020000000000000001 /* ContentView.swift */; };
		AA0000030000000000000001 /* SampleAppViewModel.swift in Sources */ = {isa = PBXBuildFile; fileRef = AA1000030000000000000001 /* SampleAppViewModel.swift */; };
		AA0000040000000000000001 /* FileProviderDomainRegistryClient.swift in Sources */ = {isa = PBXBuildFile; fileRef = AA1000040000000000000001 /* FileProviderDomainRegistryClient.swift */; };
		AA0000050000000000000001 /* AppGroupConfigLocator.swift in Sources */ = {isa = PBXBuildFile; fileRef = AA1000050000000000000001 /* AppGroupConfigLocator.swift */; };
		AA0000060000000000000001 /* SampleNSError.swift in Sources */ = {isa = PBXBuildFile; fileRef = AA1000060000000000000001 /* SampleNSError.swift */; };
		AA0000070000000000000001 /* SampleDefaults.swift in Sources */ = {isa = PBXBuildFile; fileRef = AA1000070000000000000001 /* SampleDefaults.swift */; };
		AA0000080000000000000001 /* SampleConfig.swift in Sources */ = {isa = PBXBuildFile; fileRef = AA1000080000000000000001 /* SampleConfig.swift */; };
		AA0000090000000000000001 /* BridgeInterop.swift in Sources */ = {isa = PBXBuildFile; fileRef = AA1000090000000000000001 /* BridgeInterop.swift */; };
		AA00000A0000000000000001 /* DomainRegistrationLogic.swift in Sources */ = {isa = PBXBuildFile; fileRef = AA10000A0000000000000001 /* DomainRegistrationLogic.swift */; };
		AA00000B0000000000000001 /* ExtensionAdapter.swift in Sources */ = {isa = PBXBuildFile; fileRef = AA10000B0000000000000001 /* ExtensionAdapter.swift */; };
		AA00000C0000000000000001 /* LoonFileProviderSampleExtension.appex in Embed App Extensions */ = {isa = PBXBuildFile; fileRef = AA2000020000000000000001 /* LoonFileProviderSampleExtension.appex */; settings = {ATTRIBUTES = (RemoveHeadersOnCopy, ); }; };
		AA0001010000000000000001 /* LoonMacosFFIFunctionCaller.swift in Sources */ = {isa = PBXBuildFile; fileRef = AA1001010000000000000001 /* LoonMacosFFIFunctionCaller.swift */; };
		AA0001020000000000000001 /* SampleBridgeSession.swift in Sources */ = {isa = PBXBuildFile; fileRef = AA1001020000000000000001 /* SampleBridgeSession.swift */; };
		AA0001030000000000000001 /* SampleFileProviderItem.swift in Sources */ = {isa = PBXBuildFile; fileRef = AA1001030000000000000001 /* SampleFileProviderItem.swift */; };
		AA0001040000000000000001 /* SampleFileProviderEnumerator.swift in Sources */ = {isa = PBXBuildFile; fileRef = AA1001040000000000000001 /* SampleFileProviderEnumerator.swift */; };
		AA0001050000000000000001 /* LoonFileProviderSampleExtension.swift in Sources */ = {isa = PBXBuildFile; fileRef = AA1001050000000000000001 /* LoonFileProviderSampleExtension.swift */; };
		AA0001060000000000000001 /* AppGroupConfigLocator.swift in Sources */ = {isa = PBXBuildFile; fileRef = AA1000050000000000000001 /* AppGroupConfigLocator.swift */; };
		AA0001070000000000000001 /* SampleNSError.swift in Sources */ = {isa = PBXBuildFile; fileRef = AA1000060000000000000001 /* SampleNSError.swift */; };
		AA0001080000000000000001 /* SampleDefaults.swift in Sources */ = {isa = PBXBuildFile; fileRef = AA1000070000000000000001 /* SampleDefaults.swift */; };
		AA0001090000000000000001 /* SampleConfig.swift in Sources */ = {isa = PBXBuildFile; fileRef = AA1000080000000000000001 /* SampleConfig.swift */; };
		AA00010A0000000000000001 /* BridgeInterop.swift in Sources */ = {isa = PBXBuildFile; fileRef = AA1000090000000000000001 /* BridgeInterop.swift */; };
		AA00010B0000000000000001 /* DomainRegistrationLogic.swift in Sources */ = {isa = PBXBuildFile; fileRef = AA10000A0000000000000001 /* DomainRegistrationLogic.swift */; };
		AA00010C0000000000000001 /* ExtensionAdapter.swift in Sources */ = {isa = PBXBuildFile; fileRef = AA10000B0000000000000001 /* ExtensionAdapter.swift */; };
/* End PBXBuildFile section */

/* Begin PBXContainerItemProxy section */
		AA3000010000000000000001 /* PBXContainerItemProxy */ = {
			isa = PBXContainerItemProxy;
			containerPortal = AA4000000000000000000001 /* Project object */;
			proxyType = 1;
			remoteGlobalIDString = AA5000020000000000000001;
			remoteInfo = LoonFileProviderSampleExtension;
		};
/* End PBXContainerItemProxy section */

/* Begin PBXCopyFilesBuildPhase section */
		AA6000010000000000000001 /* Embed App Extensions */ = {
			isa = PBXCopyFilesBuildPhase;
			buildActionMask = 2147483647;
			dstPath = "";
			dstSubfolderSpec = 13;
			files = (
				AA00000C0000000000000001 /* LoonFileProviderSampleExtension.appex in Embed App Extensions */,
			);
			name = "Embed App Extensions";
			runOnlyForDeploymentPostprocessing = 0;
		};
/* End PBXCopyFilesBuildPhase section */

/* Begin PBXFileReference section */
		AA1000010000000000000001 /* LoonFileProviderSampleApp.swift */ = {isa = PBXFileReference; lastKnownFileType = sourcecode.swift; path = App/LoonFileProviderSampleApp.swift; sourceTree = "<group>"; };
		AA1000020000000000000001 /* ContentView.swift */ = {isa = PBXFileReference; lastKnownFileType = sourcecode.swift; path = App/ContentView.swift; sourceTree = "<group>"; };
		AA1000030000000000000001 /* SampleAppViewModel.swift */ = {isa = PBXFileReference; lastKnownFileType = sourcecode.swift; path = App/SampleAppViewModel.swift; sourceTree = "<group>"; };
		AA1000040000000000000001 /* FileProviderDomainRegistryClient.swift */ = {isa = PBXFileReference; lastKnownFileType = sourcecode.swift; path = App/FileProviderDomainRegistryClient.swift; sourceTree = "<group>"; };
		AA1000050000000000000001 /* AppGroupConfigLocator.swift */ = {isa = PBXFileReference; lastKnownFileType = sourcecode.swift; path = Support/AppGroupConfigLocator.swift; sourceTree = "<group>"; };
		AA1000060000000000000001 /* SampleNSError.swift */ = {isa = PBXFileReference; lastKnownFileType = sourcecode.swift; path = Support/SampleNSError.swift; sourceTree = "<group>"; };
		AA1000070000000000000001 /* SampleDefaults.swift */ = {isa = PBXFileReference; lastKnownFileType = sourcecode.swift; path = Sources/LoonFileProviderSampleCore/SampleDefaults.swift; sourceTree = "<group>"; };
		AA1000080000000000000001 /* SampleConfig.swift */ = {isa = PBXFileReference; lastKnownFileType = sourcecode.swift; path = Sources/LoonFileProviderSampleCore/SampleConfig.swift; sourceTree = "<group>"; };
		AA1000090000000000000001 /* BridgeInterop.swift */ = {isa = PBXFileReference; lastKnownFileType = sourcecode.swift; path = Sources/LoonFileProviderSampleCore/BridgeInterop.swift; sourceTree = "<group>"; };
		AA10000A0000000000000001 /* DomainRegistrationLogic.swift */ = {isa = PBXFileReference; lastKnownFileType = sourcecode.swift; path = Sources/LoonFileProviderSampleCore/DomainRegistrationLogic.swift; sourceTree = "<group>"; };
		AA10000B0000000000000001 /* ExtensionAdapter.swift */ = {isa = PBXFileReference; lastKnownFileType = sourcecode.swift; path = Sources/LoonFileProviderSampleCore/ExtensionAdapter.swift; sourceTree = "<group>"; };
		AA10000C0000000000000001 /* Info.plist */ = {isa = PBXFileReference; lastKnownFileType = text.plist.xml; path = App/Info.plist; sourceTree = "<group>"; };
		AA10000D0000000000000001 /* LoonFileProviderSample.entitlements */ = {isa = PBXFileReference; lastKnownFileType = text.plist.entitlements; path = App/LoonFileProviderSample.entitlements; sourceTree = "<group>"; };
		AA1001010000000000000001 /* LoonMacosFFIFunctionCaller.swift */ = {isa = PBXFileReference; lastKnownFileType = sourcecode.swift; path = Extension/LoonMacosFFIFunctionCaller.swift; sourceTree = "<group>"; };
		AA1001020000000000000001 /* SampleBridgeSession.swift */ = {isa = PBXFileReference; lastKnownFileType = sourcecode.swift; path = Extension/SampleBridgeSession.swift; sourceTree = "<group>"; };
		AA1001030000000000000001 /* SampleFileProviderItem.swift */ = {isa = PBXFileReference; lastKnownFileType = sourcecode.swift; path = Extension/SampleFileProviderItem.swift; sourceTree = "<group>"; };
		AA1001040000000000000001 /* SampleFileProviderEnumerator.swift */ = {isa = PBXFileReference; lastKnownFileType = sourcecode.swift; path = Extension/SampleFileProviderEnumerator.swift; sourceTree = "<group>"; };
		AA1001050000000000000001 /* LoonFileProviderSampleExtension.swift */ = {isa = PBXFileReference; lastKnownFileType = sourcecode.swift; path = Extension/LoonFileProviderSampleExtension.swift; sourceTree = "<group>"; };
		AA1001060000000000000001 /* Info.plist */ = {isa = PBXFileReference; lastKnownFileType = text.plist.xml; path = Extension/Info.plist; sourceTree = "<group>"; };
		AA1001070000000000000001 /* LoonFileProviderSampleExtension.entitlements */ = {isa = PBXFileReference; lastKnownFileType = text.plist.entitlements; path = Extension/LoonFileProviderSampleExtension.entitlements; sourceTree = "<group>"; };
		AA1001080000000000000001 /* LoonFileProviderSampleExtension-Bridging-Header.h */ = {isa = PBXFileReference; lastKnownFileType = sourcecode.c.h; path = Support/LoonFileProviderSampleExtension-Bridging-Header.h; sourceTree = "<group>"; };
		AA1001090000000000000001 /* README.md */ = {isa = PBXFileReference; lastKnownFileType = net.daringfireball.markdown; path = README.md; sourceTree = "<group>"; };
		AA10010A0000000000000001 /* Package.swift */ = {isa = PBXFileReference; lastKnownFileType = sourcecode.swift; path = Package.swift; sourceTree = "<group>"; };
		AA10010B0000000000000001 /* loon-file-provider-sample.template.json */ = {isa = PBXFileReference; lastKnownFileType = text.json; path = Config/loon-file-provider-sample.template.json; sourceTree = "<group>"; };
		AA10010C0000000000000001 /* build_loon_macos_staticlib.sh */ = {isa = PBXFileReference; lastKnownFileType = text.script.sh; path = scripts/build_loon_macos_staticlib.sh; sourceTree = "<group>"; };
		AA2000010000000000000001 /* LoonFileProviderSampleApp.app */ = {isa = PBXFileReference; explicitFileType = wrapper.application; includeInIndex = 0; path = LoonFileProviderSampleApp.app; sourceTree = BUILT_PRODUCTS_DIR; };
		AA2000020000000000000001 /* LoonFileProviderSampleExtension.appex */ = {isa = PBXFileReference; explicitFileType = "wrapper.app-extension"; includeInIndex = 0; path = LoonFileProviderSampleExtension.appex; sourceTree = BUILT_PRODUCTS_DIR; };
/* End PBXFileReference section */

/* Begin PBXFrameworksBuildPhase section */
		AA7000010000000000000001 /* Frameworks */ = {
			isa = PBXFrameworksBuildPhase;
			buildActionMask = 2147483647;
			files = (
			);
			runOnlyForDeploymentPostprocessing = 0;
		};
		AA7000020000000000000001 /* Frameworks */ = {
			isa = PBXFrameworksBuildPhase;
			buildActionMask = 2147483647;
			files = (
			);
			runOnlyForDeploymentPostprocessing = 0;
		};
/* End PBXFrameworksBuildPhase section */

/* Begin PBXGroup section */
		AA8000000000000000000001 = {
			isa = PBXGroup;
			children = (
				AA8000010000000000000001 /* App */,
				AA8000020000000000000001 /* Extension */,
				AA8000030000000000000001 /* Sources */,
				AA8000040000000000000001 /* Support */,
				AA8000050000000000000001 /* Config */,
				AA8000060000000000000001 /* scripts */,
				AA8000070000000000000001 /* Products */,
				AA10010A0000000000000001 /* Package.swift */,
				AA1001090000000000000001 /* README.md */,
			);
			sourceTree = "<group>";
		};
		AA8000010000000000000001 /* App */ = {
			isa = PBXGroup;
			children = (
				AA1000010000000000000001 /* LoonFileProviderSampleApp.swift */,
				AA1000020000000000000001 /* ContentView.swift */,
				AA1000030000000000000001 /* SampleAppViewModel.swift */,
				AA1000040000000000000001 /* FileProviderDomainRegistryClient.swift */,
				AA10000C0000000000000001 /* Info.plist */,
				AA10000D0000000000000001 /* LoonFileProviderSample.entitlements */,
			);
			path = App;
			sourceTree = "<group>";
		};
		AA8000020000000000000001 /* Extension */ = {
			isa = PBXGroup;
			children = (
				AA1001010000000000000001 /* LoonMacosFFIFunctionCaller.swift */,
				AA1001020000000000000001 /* SampleBridgeSession.swift */,
				AA1001030000000000000001 /* SampleFileProviderItem.swift */,
				AA1001040000000000000001 /* SampleFileProviderEnumerator.swift */,
				AA1001050000000000000001 /* LoonFileProviderSampleExtension.swift */,
				AA1001060000000000000001 /* Info.plist */,
				AA1001070000000000000001 /* LoonFileProviderSampleExtension.entitlements */,
			);
			path = Extension;
			sourceTree = "<group>";
		};
		AA8000030000000000000001 /* Sources */ = {
			isa = PBXGroup;
			children = (
				AA1000070000000000000001 /* SampleDefaults.swift */,
				AA1000080000000000000001 /* SampleConfig.swift */,
				AA1000090000000000000001 /* BridgeInterop.swift */,
				AA10000A0000000000000001 /* DomainRegistrationLogic.swift */,
				AA10000B0000000000000001 /* ExtensionAdapter.swift */,
			);
			path = Sources/LoonFileProviderSampleCore;
			sourceTree = "<group>";
		};
		AA8000040000000000000001 /* Support */ = {
			isa = PBXGroup;
			children = (
				AA1000050000000000000001 /* AppGroupConfigLocator.swift */,
				AA1000060000000000000001 /* SampleNSError.swift */,
				AA1001080000000000000001 /* LoonFileProviderSampleExtension-Bridging-Header.h */,
			);
			path = Support;
			sourceTree = "<group>";
		};
		AA8000050000000000000001 /* Config */ = {
			isa = PBXGroup;
			children = (
				AA10010B0000000000000001 /* loon-file-provider-sample.template.json */,
			);
			path = Config;
			sourceTree = "<group>";
		};
		AA8000060000000000000001 /* scripts */ = {
			isa = PBXGroup;
			children = (
				AA10010C0000000000000001 /* build_loon_macos_staticlib.sh */,
			);
			path = scripts;
			sourceTree = "<group>";
		};
		AA8000070000000000000001 /* Products */ = {
			isa = PBXGroup;
			children = (
				AA2000010000000000000001 /* LoonFileProviderSampleApp.app */,
				AA2000020000000000000001 /* LoonFileProviderSampleExtension.appex */,
			);
			name = Products;
			sourceTree = "<group>";
		};
/* End PBXGroup section */

/* Begin PBXNativeTarget section */
		AA5000010000000000000001 /* LoonFileProviderSampleApp */ = {
			isa = PBXNativeTarget;
			buildConfigurationList = AA9000010000000000000001 /* Build configuration list for PBXNativeTarget "LoonFileProviderSampleApp" */;
			buildPhases = (
				AAB000010000000000000001 /* Sources */,
				AA7000010000000000000001 /* Frameworks */,
				AA6000010000000000000001 /* Embed App Extensions */,
			);
			buildRules = (
			);
			dependencies = (
				AAC000010000000000000001 /* PBXTargetDependency */,
			);
			name = LoonFileProviderSampleApp;
			productName = LoonFileProviderSampleApp;
			productReference = AA2000010000000000000001 /* LoonFileProviderSampleApp.app */;
			productType = "com.apple.product-type.application";
		};
		AA5000020000000000000001 /* LoonFileProviderSampleExtension */ = {
			isa = PBXNativeTarget;
			buildConfigurationList = AA9000020000000000000001 /* Build configuration list for PBXNativeTarget "LoonFileProviderSampleExtension" */;
			buildPhases = (
				AAB000020000000000000001 /* Build Rust Bridge */,
				AAB000030000000000000001 /* Sources */,
				AA7000020000000000000001 /* Frameworks */,
			);
			buildRules = (
			);
			dependencies = (
			);
			name = LoonFileProviderSampleExtension;
			productName = LoonFileProviderSampleExtension;
			productReference = AA2000020000000000000001 /* LoonFileProviderSampleExtension.appex */;
			productType = "com.apple.product-type.app-extension";
		};
/* End PBXNativeTarget section */

/* Begin PBXProject section */
		AA4000000000000000000001 /* Project object */ = {
			isa = PBXProject;
			attributes = {
				BuildIndependentTargetsInParallel = 1;
				LastSwiftUpdateCheck = 1600;
				LastUpgradeCheck = 1600;
				TargetAttributes = {
					AA5000010000000000000001 = {
						CreatedOnToolsVersion = 16.0;
					};
					AA5000020000000000000001 = {
						CreatedOnToolsVersion = 16.0;
					};
				};
			};
			buildConfigurationList = AA9000000000000000000001 /* Build configuration list for PBXProject "LoonFileProviderSample" */;
			compatibilityVersion = "Xcode 14.0";
			developmentRegion = en;
			hasScannedForEncodings = 0;
			knownRegions = (
				en,
				Base,
			);
			mainGroup = AA8000000000000000000001;
			productRefGroup = AA8000070000000000000001 /* Products */;
			projectDirPath = "";
			projectRoot = "";
			targets = (
				AA5000010000000000000001 /* LoonFileProviderSampleApp */,
				AA5000020000000000000001 /* LoonFileProviderSampleExtension */,
			);
		};
/* End PBXProject section */

/* Begin PBXShellScriptBuildPhase section */
		AAB000020000000000000001 /* Build Rust Bridge */ = {
			isa = PBXShellScriptBuildPhase;
			buildActionMask = 2147483647;
			files = (
			);
			inputFileListPaths = (
			);
			inputPaths = (
			);
			name = "Build Rust Bridge";
			outputFileListPaths = (
			);
			outputPaths = (
				"$(SRCROOT)/Vendor/libloon_macos.a",
			);
			runOnlyForDeploymentPostprocessing = 0;
			shellPath = /bin/sh;
			shellScript = "/bin/sh \"$SRCROOT/scripts/build_loon_macos_staticlib.sh\"";
		};
/* End PBXShellScriptBuildPhase section */

/* Begin PBXSourcesBuildPhase section */
		AAB000010000000000000001 /* Sources */ = {
			isa = PBXSourcesBuildPhase;
			buildActionMask = 2147483647;
			files = (
				AA0000010000000000000001 /* LoonFileProviderSampleApp.swift in Sources */,
				AA0000020000000000000001 /* ContentView.swift in Sources */,
				AA0000030000000000000001 /* SampleAppViewModel.swift in Sources */,
				AA0000040000000000000001 /* FileProviderDomainRegistryClient.swift in Sources */,
				AA0000050000000000000001 /* AppGroupConfigLocator.swift in Sources */,
				AA0000060000000000000001 /* SampleNSError.swift in Sources */,
				AA0000070000000000000001 /* SampleDefaults.swift in Sources */,
				AA0000080000000000000001 /* SampleConfig.swift in Sources */,
				AA0000090000000000000001 /* BridgeInterop.swift in Sources */,
				AA00000A0000000000000001 /* DomainRegistrationLogic.swift in Sources */,
				AA00000B0000000000000001 /* ExtensionAdapter.swift in Sources */,
			);
			runOnlyForDeploymentPostprocessing = 0;
		};
		AAB000030000000000000001 /* Sources */ = {
			isa = PBXSourcesBuildPhase;
			buildActionMask = 2147483647;
			files = (
				AA0001010000000000000001 /* LoonMacosFFIFunctionCaller.swift in Sources */,
				AA0001020000000000000001 /* SampleBridgeSession.swift in Sources */,
				AA0001030000000000000001 /* SampleFileProviderItem.swift in Sources */,
				AA0001040000000000000001 /* SampleFileProviderEnumerator.swift in Sources */,
				AA0001050000000000000001 /* LoonFileProviderSampleExtension.swift in Sources */,
				AA0001060000000000000001 /* AppGroupConfigLocator.swift in Sources */,
				AA0001070000000000000001 /* SampleNSError.swift in Sources */,
				AA0001080000000000000001 /* SampleDefaults.swift in Sources */,
				AA0001090000000000000001 /* SampleConfig.swift in Sources */,
				AA00010A0000000000000001 /* BridgeInterop.swift in Sources */,
				AA00010B0000000000000001 /* DomainRegistrationLogic.swift in Sources */,
				AA00010C0000000000000001 /* ExtensionAdapter.swift in Sources */,
			);
			runOnlyForDeploymentPostprocessing = 0;
		};
/* End PBXSourcesBuildPhase section */

/* Begin PBXTargetDependency section */
		AAC000010000000000000001 /* PBXTargetDependency */ = {
			isa = PBXTargetDependency;
			name = LoonFileProviderSampleExtension;
			targetProxy = AA3000010000000000000001 /* PBXContainerItemProxy */;
		};
/* End PBXTargetDependency section */

/* Begin XCBuildConfiguration section */
		AAA000000000000000000001 /* Debug */ = {
			isa = XCBuildConfiguration;
			buildSettings = {
				CODE_SIGN_STYLE = Automatic;
				MACOSX_DEPLOYMENT_TARGET = 15.0;
				SDKROOT = macosx;
			};
			name = Debug;
		};
		AAA000000000000000000002 /* Release */ = {
			isa = XCBuildConfiguration;
			buildSettings = {
				CODE_SIGN_STYLE = Automatic;
				MACOSX_DEPLOYMENT_TARGET = 15.0;
				SDKROOT = macosx;
			};
			name = Release;
		};
		AAA000010000000000000001 /* Debug */ = {
			isa = XCBuildConfiguration;
			buildSettings = {
				CODE_SIGN_ENTITLEMENTS = App/LoonFileProviderSample.entitlements;
				CODE_SIGN_STYLE = Automatic;
				GENERATE_INFOPLIST_FILE = NO;
				INFOPLIST_FILE = App/Info.plist;
				LD_RUNPATH_SEARCH_PATHS = (
					"$(inherited)",
					"@executable_path/../Frameworks",
					"@executable_path/../PlugIns",
				);
				MACOSX_DEPLOYMENT_TARGET = 15.0;
				PRODUCT_BUNDLE_IDENTIFIER = dev.loondb.LoonFileProviderSample;
				PRODUCT_NAME = LoonFileProviderSampleApp;
				SDKROOT = macosx;
				SWIFT_VERSION = 6.0;
			};
			name = Debug;
		};
		AAA000010000000000000002 /* Release */ = {
			isa = XCBuildConfiguration;
			buildSettings = {
				CODE_SIGN_ENTITLEMENTS = App/LoonFileProviderSample.entitlements;
				CODE_SIGN_STYLE = Automatic;
				GENERATE_INFOPLIST_FILE = NO;
				INFOPLIST_FILE = App/Info.plist;
				LD_RUNPATH_SEARCH_PATHS = (
					"$(inherited)",
					"@executable_path/../Frameworks",
					"@executable_path/../PlugIns",
				);
				MACOSX_DEPLOYMENT_TARGET = 15.0;
				PRODUCT_BUNDLE_IDENTIFIER = dev.loondb.LoonFileProviderSample;
				PRODUCT_NAME = LoonFileProviderSampleApp;
				SDKROOT = macosx;
				SWIFT_VERSION = 6.0;
			};
			name = Release;
		};
		AAA000020000000000000001 /* Debug */ = {
			isa = XCBuildConfiguration;
			buildSettings = {
				APPLICATION_EXTENSION_API_ONLY = YES;
				CODE_SIGN_ENTITLEMENTS = Extension/LoonFileProviderSampleExtension.entitlements;
				CODE_SIGN_STYLE = Automatic;
				GENERATE_INFOPLIST_FILE = NO;
				HEADER_SEARCH_PATHS = (
					"$(inherited)",
					"$(SRCROOT)/../../../crates/loon-macos/include",
				);
				INFOPLIST_FILE = Extension/Info.plist;
				LIBRARY_SEARCH_PATHS = (
					"$(inherited)",
					"$(SRCROOT)/Vendor",
				);
				MACOSX_DEPLOYMENT_TARGET = 15.0;
				OTHER_LDFLAGS = (
					"$(inherited)",
					"-lloon_macos",
				);
				PRODUCT_BUNDLE_IDENTIFIER = dev.loondb.LoonFileProviderSample.Extension;
				PRODUCT_NAME = LoonFileProviderSampleExtension;
				SDKROOT = macosx;
				SKIP_INSTALL = YES;
				SWIFT_OBJC_BRIDGING_HEADER = Support/LoonFileProviderSampleExtension-Bridging-Header.h;
				SWIFT_VERSION = 6.0;
			};
			name = Debug;
		};
		AAA000020000000000000002 /* Release */ = {
			isa = XCBuildConfiguration;
			buildSettings = {
				APPLICATION_EXTENSION_API_ONLY = YES;
				CODE_SIGN_ENTITLEMENTS = Extension/LoonFileProviderSampleExtension.entitlements;
				CODE_SIGN_STYLE = Automatic;
				GENERATE_INFOPLIST_FILE = NO;
				HEADER_SEARCH_PATHS = (
					"$(inherited)",
					"$(SRCROOT)/../../../crates/loon-macos/include",
				);
				INFOPLIST_FILE = Extension/Info.plist;
				LIBRARY_SEARCH_PATHS = (
					"$(inherited)",
					"$(SRCROOT)/Vendor",
				);
				MACOSX_DEPLOYMENT_TARGET = 15.0;
				OTHER_LDFLAGS = (
					"$(inherited)",
					"-lloon_macos",
				);
				PRODUCT_BUNDLE_IDENTIFIER = dev.loondb.LoonFileProviderSample.Extension;
				PRODUCT_NAME = LoonFileProviderSampleExtension;
				SDKROOT = macosx;
				SKIP_INSTALL = YES;
				SWIFT_OBJC_BRIDGING_HEADER = Support/LoonFileProviderSampleExtension-Bridging-Header.h;
				SWIFT_VERSION = 6.0;
			};
			name = Release;
		};
/* End XCBuildConfiguration section */

/* Begin XCConfigurationList section */
		AA9000000000000000000001 /* Build configuration list for PBXProject "LoonFileProviderSample" */ = {
			isa = XCConfigurationList;
			buildConfigurations = (
				AAA000000000000000000001 /* Debug */,
				AAA000000000000000000002 /* Release */,
			);
			defaultConfigurationIsVisible = 0;
			defaultConfigurationName = Release;
		};
		AA9000010000000000000001 /* Build configuration list for PBXNativeTarget "LoonFileProviderSampleApp" */ = {
			isa = XCConfigurationList;
			buildConfigurations = (
				AAA000010000000000000001 /* Debug */,
				AAA000010000000000000002 /* Release */,
			);
			defaultConfigurationIsVisible = 0;
			defaultConfigurationName = Release;
		};
		AA9000020000000000000001 /* Build configuration list for PBXNativeTarget "LoonFileProviderSampleExtension" */ = {
			isa = XCConfigurationList;
			buildConfigurations = (
				AAA000020000000000000001 /* Debug */,
				AAA000020000000000000002 /* Release */,
			);
			defaultConfigurationIsVisible = 0;
			defaultConfigurationName = Release;
		};
/* End XCConfigurationList section */
	};
	rootObject = AA4000000000000000000001 /* Project object */;
}
